
Microsoft Visual Studio Solution File, Format Version 12.00
# Visual Studio Version 16
VisualStudioVersion = 16.0.31911.196
MinimumVisualStudioVersion = 10.0.40219.1
Project("{FAE04EC0-301F-11D3-BF4B-00C04F79EFBC}") = "Delegate", "Delegate\Delegate.csproj", "{F9B53A77-F419-4A2A-92D1-81B6E0D698D8}"
EndProject
Global
	GlobalSection(SolutionConfigurationPlatforms) = preSolution
		Debug|Any CPU = Debug|Any CPU
		Release|Any CPU = Release|Any CPU
	EndGlobalSection
	GlobalSection(ProjectConfigurationPlatforms) = postSolution
		{F9B53A77-F419-4A2A-92D1-81B6E0D698D8}.Debug|Any CPU.ActiveCfg = Debug|Any CPU
		{F9B53A77-F419-4A2A-92D1-81B6E0D698D8}.Debug|Any CPU.Build.0 = Debug|Any CPU
		{F9B53A77-F419-4A2A-92D1-81B6E0D698D8}.Release|Any CPU.ActiveCfg = Release|Any CPU
		{F9B53A77-F419-4A2A-92D1-81B6E0D698D8}.Release|Any CPU.Build.0 = Release|Any CPU
	EndGlobalSection
	GlobalSection(SolutionProperties) = preSolution
		HideSolutionNode = FALSE
	EndGlobalSection
	GlobalSection(ExtensibilityGlobals) = postSolution
		SolutionGuid = {4268B9CA-83D6-42D9-BFC4-12E7E749E752}
	EndGlobalSection
EndGlobal
